version = 1
revision = 1
requires-python = ">=3.13"

[[package]]
name = "beartype"
version = "0.22.8"
source = { registry = "https://pypi.org/simple" }
sdist = { url = "https://files.pythonhosted.org/packages/8c/1d/794ae2acaa67c8b216d91d5919da2606c2bb14086849ffde7f5555f3a3a5/beartype-0.22.8.tar.gz", hash = "sha256:b19b21c9359722ee3f7cc433f063b3e13997b27ae8226551ea5062e621f61165", size = 1602262 }
wheels = [
    { url = "https://files.pythonhosted.org/packages/14/2a/fbcbf5a025d3e71ddafad7efd43e34ec4362f4d523c3c471b457148fb211/beartype-0.22.8-py3-none-any.whl", hash = "sha256:b832882d04e41a4097bab9f63e6992bc6de58c414ee84cba9b45b67314f5ab2e", size = 1331895 },
]

[[package]]
name = "colorama"
version = "0.4.6"
source = { registry = "https://pypi.org/simple" }
sdist = { url = "https://files.pythonhosted.org/packages/d8/53/6f443c9a4a8358a93a6792e2acffb9d9d5cb0a5cfd8802644b7b1c9a02e4/colorama-0.4.6.tar.gz", hash = "sha256:08695f5cb7ed6e0531a20572697297273c47b8cae5a63ffc6d6ed5c201be6e44", size = 27697 }
wheels = [
    { url = "https://files.pythonhosted.org/packages/d1/d6/3965ed04c63042e047cb6a3e6ed1a63a35087b6a609aa3a15ed8ac56c221/colorama-0.4.6-py2.py3-none-any.whl", hash = "sha256:4f1d9991f5acc0ca119f9d443620b77f9d6b33703e51011c16baf57afb285fc6", size = 25335 },
]

[[package]]
name = "greenlet"
version = "3.3.0"
source = { registry = "https://pypi.org/simple" }
sdist = { url = "https://files.pythonhosted.org/packages/c7/e5/40dbda2736893e3e53d25838e0f19a2b417dfc122b9989c91918db30b5d3/greenlet-3.3.0.tar.gz", hash = "sha256:a82bb225a4e9e4d653dd2fb7b8b2d36e4fb25bc0165422a11e48b88e9e6f78fb", size = 190651 }
wheels = [
    { url = "https://files.pythonhosted.org/packages/02/2f/28592176381b9ab2cafa12829ba7b472d177f3acc35d8fbcf3673d966fff/greenlet-3.3.0-cp313-cp313-macosx_11_0_universal2.whl", hash = "sha256:a1e41a81c7e2825822f4e068c48cb2196002362619e2d70b148f20a831c00739", size = 275140 },
    { url = "https://files.pythonhosted.org/packages/2c/80/fbe937bf81e9fca98c981fe499e59a3f45df2a04da0baa5c2be0dca0d329/greenlet-3.3.0-cp313-cp313-manylinux_2_24_aarch64.manylinux_2_28_aarch64.whl", hash = "sha256:9f515a47d02da4d30caaa85b69474cec77b7929b2e936ff7fb853d42f4bf8808", size = 599219 },
    { url = "https://files.pythonhosted.org/packages/c2/ff/7c985128f0514271b8268476af89aee6866df5eec04ac17dcfbc676213df/greenlet-3.3.0-cp313-cp313-manylinux_2_24_ppc64le.manylinux_2_28_ppc64le.whl", hash = "sha256:7d2d9fd66bfadf230b385fdc90426fcd6eb64db54b40c495b72ac0feb5766c54", size = 610211 },
    { url = "https://files.pythonhosted.org/packages/79/07/c47a82d881319ec18a4510bb30463ed6891f2ad2c1901ed5ec23d3de351f/greenlet-3.3.0-cp313-cp313-manylinux_2_24_s390x.manylinux_2_28_s390x.whl", hash = "sha256:30a6e28487a790417d036088b3bcb3f3ac7d8babaa7d0139edbaddebf3af9492", size = 624311 },
    { url = "https://files.pythonhosted.org/packages/fd/8e/424b8c6e78bd9837d14ff7df01a9829fc883ba2ab4ea787d4f848435f23f/greenlet-3.3.0-cp313-cp313-manylinux_2_24_x86_64.manylinux_2_28_x86_64.whl", hash = "sha256:087ea5e004437321508a8d6f20efc4cfec5e3c30118e1417ea96ed1d93950527", size = 612833 },
    { url = "https://files.pythonhosted.org/packages/b5/ba/56699ff9b7c76ca12f1cdc27a886d0f81f2189c3455ff9f65246780f713d/greenlet-3.3.0-cp313-cp313-musllinux_1_2_aarch64.whl", hash = "sha256:ab97cf74045343f6c60a39913fa59710e4bd26a536ce7ab2397adf8b27e67c39", size = 1567256 },
    { url = "https://files.pythonhosted.org/packages/1e/37/f31136132967982d698c71a281a8901daf1a8fbab935dce7c0cf15f942cc/greenlet-3.3.0-cp313-cp313-musllinux_1_2_x86_64.whl", hash = "sha256:5375d2e23184629112ca1ea89a53389dddbffcf417dad40125713d88eb5f96e8", size = 1636483 },
    { url = "https://files.pythonhosted.org/packages/7e/71/ba21c3fb8c5dce83b8c01f458a42e99ffdb1963aeec08fff5a18588d8fd7/greenlet-3.3.0-cp313-cp313-win_amd64.whl", hash = "sha256:9ee1942ea19550094033c35d25d20726e4f1c40d59545815e1128ac58d416d38", size = 301833 },
    { url = "https://files.pythonhosted.org/packages/d7/7c/f0a6d0ede2c7bf092d00bc83ad5bafb7e6ec9b4aab2fbdfa6f134dc73327/greenlet-3.3.0-cp314-cp314-macosx_11_0_universal2.whl", hash = "sha256:60c2ef0f578afb3c8d92ea07ad327f9a062547137afe91f38408f08aacab667f", size = 275671 },
    { url = "https://files.pythonhosted.org/packages/44/06/dac639ae1a50f5969d82d2e3dd9767d30d6dbdbab0e1a54010c8fe90263c/greenlet-3.3.0-cp314-cp314-manylinux_2_24_aarch64.manylinux_2_28_aarch64.whl", hash = "sha256:0a5d554d0712ba1de0a6c94c640f7aeba3f85b3a6e1f2899c11c2c0428da9365", size = 646360 },
    { url = "https://files.pythonhosted.org/packages/e0/94/0fb76fe6c5369fba9bf98529ada6f4c3a1adf19e406a47332245ef0eb357/greenlet-3.3.0-cp314-cp314-manylinux_2_24_ppc64le.manylinux_2_28_ppc64le.whl", hash = "sha256:3a898b1e9c5f7307ebbde4102908e6cbfcb9ea16284a3abe15cab996bee8b9b3", size = 658160 },
    { url = "https://files.pythonhosted.org/packages/93/79/d2c70cae6e823fac36c3bbc9077962105052b7ef81db2f01ec3b9bf17e2b/greenlet-3.3.0-cp314-cp314-manylinux_2_24_s390x.manylinux_2_28_s390x.whl", hash = "sha256:dcd2bdbd444ff340e8d6bdf54d2f206ccddbb3ccfdcd3c25bf4afaa7b8f0cf45", size = 671388 },
    { url = "https://files.pythonhosted.org/packages/b8/14/bab308fc2c1b5228c3224ec2bf928ce2e4d21d8046c161e44a2012b5203e/greenlet-3.3.0-cp314-cp314-manylinux_2_24_x86_64.manylinux_2_28_x86_64.whl", hash = "sha256:5773edda4dc00e173820722711d043799d3adb4f01731f40619e07ea2750b955", size = 660166 },
    { url = "https://files.pythonhosted.org/packages/4b/d2/91465d39164eaa0085177f61983d80ffe746c5a1860f009811d498e7259c/greenlet-3.3.0-cp314-cp314-musllinux_1_2_aarch64.whl", hash = "sha256:ac0549373982b36d5fd5d30beb8a7a33ee541ff98d2b502714a09f1169f31b55", size = 1615193 },
    { url = "https://files.pythonhosted.org/packages/42/1b/83d110a37044b92423084d52d5d5a3b3a73cafb51b547e6d7366ff62eff1/greenlet-3.3.0-cp314-cp314-musllinux_1_2_x86_64.whl", hash = "sha256:d198d2d977460358c3b3a4dc844f875d1adb33817f0613f663a656f463764ccc", size = 1683653 },
    { url = "https://files.pythonhosted.org/packages/7c/9a/9030e6f9aa8fd7808e9c31ba4c38f87c4f8ec324ee67431d181fe396d705/greenlet-3.3.0-cp314-cp314-win_amd64.whl", hash = "sha256:73f51dd0e0bdb596fb0417e475fa3c5e32d4c83638296e560086b8d7da7c4170", size = 305387 },
    { url = "https://files.pythonhosted.org/packages/a0/66/bd6317bc5932accf351fc19f177ffba53712a202f9df10587da8df257c7e/greenlet-3.3.0-cp314-cp314t-macosx_11_0_universal2.whl", hash = "sha256:d6ed6f85fae6cdfdb9ce04c9bf7a08d666cfcfb914e7d006f44f840b46741931", size = 282638 },
    { url = "https://files.pythonhosted.org/packages/30/cf/cc81cb030b40e738d6e69502ccbd0dd1bced0588e958f9e757945de24404/greenlet-3.3.0-cp314-cp314t-manylinux_2_24_aarch64.manylinux_2_28_aarch64.whl", hash = "sha256:d9125050fcf24554e69c4cacb086b87b3b55dc395a8b3ebe6487b045b2614388", size = 651145 },
    { url = "https://files.pythonhosted.org/packages/9c/ea/1020037b5ecfe95ca7df8d8549959baceb8186031da83d5ecceff8b08cd2/greenlet-3.3.0-cp314-cp314t-manylinux_2_24_ppc64le.manylinux_2_28_ppc64le.whl", hash = "sha256:87e63ccfa13c0a0f6234ed0add552af24cc67dd886731f2261e46e241608bee3", size = 654236 },
    { url = "https://files.pythonhosted.org/packages/69/cc/1e4bae2e45ca2fa55299f4e85854606a78ecc37fead20d69322f96000504/greenlet-3.3.0-cp314-cp314t-manylinux_2_24_s390x.manylinux_2_28_s390x.whl", hash = "sha256:2662433acbca297c9153a4023fe2161c8dcfdcc91f10433171cf7e7d94ba2221", size = 662506 },
    { url = "https://files.pythonhosted.org/packages/57/b9/f8025d71a6085c441a7eaff0fd928bbb275a6633773667023d19179fe815/greenlet-3.3.0-cp314-cp314t-manylinux_2_24_x86_64.manylinux_2_28_x86_64.whl", hash = "sha256:3c6e9b9c1527a78520357de498b0e709fb9e2f49c3a513afd5a249007261911b", size = 653783 },
    { url = "https://files.pythonhosted.org/packages/f6/c7/876a8c7a7485d5d6b5c6821201d542ef28be645aa024cfe1145b35c120c1/greenlet-3.3.0-cp314-cp314t-musllinux_1_2_aarch64.whl", hash = "sha256:286d093f95ec98fdd92fcb955003b8a3d054b4e2cab3e2707a5039e7b50520fd", size = 1614857 },
    { url = "https://files.pythonhosted.org/packages/4f/dc/041be1dff9f23dac5f48a43323cd0789cb798342011c19a248d9c9335536/greenlet-3.3.0-cp314-cp314t-musllinux_1_2_x86_64.whl", hash = "sha256:6c10513330af5b8ae16f023e8ddbfb486ab355d04467c4679c5cfe4659975dd9", size = 1676034 },
]

[[package]]
name = "iniconfig"
version = "2.3.0"
source = { registry = "https://pypi.org/simple" }
sdist = { url = "https://files.pythonhosted.org/packages/72/34/14ca021ce8e5dfedc35312d08ba8bf51fdd999c576889fc2c24cb97f4f10/iniconfig-2.3.0.tar.gz", hash = "sha256:c76315c77db068650d49c5b56314774a7804df16fee4402c1f19d6d15d8c4730", size = 20503 }
wheels = [
    { url = "https://files.pythonhosted.org/packages/cb/b1/3846dd7f199d53cb17f49cba7e651e9ce294d8497c8c150530ed11865bb8/iniconfig-2.3.0-py3-none-any.whl", hash = "sha256:f631c04d2c48c52b84d0d0549c99ff3859c98df65b3101406327ecc7d53fbf12", size = 7484 },
]

[[package]]
name = "librt"
version = "0.7.2"
source = { registry = "https://pypi.org/simple" }
sdist = { url = "https://files.pythonhosted.org/packages/a4/1a/38eea84b96d964bf9756d16f20534c4442103345719f600b1b267233b7bb/librt-0.7.2.tar.gz", hash = "sha256:48aa0f311bdf90ec9a63e3669b6aff04967f24f2f67fe9372c570a21dc9ae873", size = 144193 }
wheels = [
    { url = "https://files.pythonhosted.org/packages/04/80/f3696ba44401c90ab2cc619cbd663ed4f3faf25e86df289ced7b4abf96c2/librt-0.7.2-cp313-cp313-macosx_10_13_x86_64.whl", hash = "sha256:0b8fdc5e6eb9698ed66bb652f18fa637853fd03b016864bed098f1a28a8d129d", size = 55742 },
    { url = "https://files.pythonhosted.org/packages/d4/a5/36880025707514d6207f4044adbaef08fca3d54fa0b9294ae38553db8a95/librt-0.7.2-cp313-cp313-macosx_11_0_arm64.whl", hash = "sha256:66d0f0de87033ab7e54f48bd46c042d047ecc3d4e4d5b7b1071e934f34d97054", size = 57170 },
    { url = "https://files.pythonhosted.org/packages/b5/38/c33f6a51cc6f8f67fdb872bc8e0c07e954962b3fc57ca791367b7b72433d/librt-0.7.2-cp313-cp313-manylinux1_i686.manylinux_2_28_i686.manylinux_2_5_i686.whl", hash = "sha256:9da65ed19f6c7c4bbebd7acb37d4dbb95943792b51a74bc96d35673270853e16", size = 165840 },
    { url = "https://files.pythonhosted.org/packages/5c/b1/173e34dc7b05a34414905ba8658618a740182fc13b8b613f472dbc94ab25/librt-0.7.2-cp313-cp313-manylinux2014_aarch64.manylinux_2_17_aarch64.manylinux_2_28_aarch64.whl", hash = "sha256:eeb76e18c2adac6bcc709ba7f728acca2d42baf0c7a3b9eba392bab84d591961", size = 174824 },
    { url = "https://files.pythonhosted.org/packages/69/58/edff7823c9bb89aa2f41b3156a2928d8ebf8f3396b119343ab8236339f91/librt-0.7.2-cp313-cp313-manylinux2014_x86_64.manylinux_2_17_x86_64.manylinux_2_28_x86_64.whl", hash = "sha256:b5d5f8f617fc3db80864f7353f43db69d9282bf9cd74c7e6cf5be1a7e5d5a83f", size = 189613 },
    { url = "https://files.pythonhosted.org/packages/5f/64/2277eeaea081e826f155b1de9f0809b007cc7e606faf17befb5c77d54bda/librt-0.7.2-cp313-cp313-musllinux_1_2_aarch64.whl", hash = "sha256:cae1b429f9077254622d7d12ade5d04a6b326b2ff456d032fa3fa653ef994979", size = 184584 },
    { url = "https://files.pythonhosted.org/packages/31/c1/93075ab0337e83ed2a3d23837dabf7df1e2b6f8ea22e7701d6adbb8f32ce/librt-0.7.2-cp313-cp313-musllinux_1_2_i686.whl", hash = "sha256:edd20b266055b41ccee667b9373b3eff9d77b8e0890fd26a469c89ef48b29bf0", size = 178268 },
    { url = "https://files.pythonhosted.org/packages/2d/1d/bee97a425ccdf05282a4706dcc83a6d440da67559cc7ec37fa8b7caa7e2d/librt-0.7.2-cp313-cp313-musllinux_1_2_x86_64.whl", hash = "sha256:cf748211b5782fb9e85945d7ffdef9587bf303344e2ad3e65dee55b44b1c8ac1", size = 199853 },
    { url = "https://files.pythonhosted.org/packages/50/ea/eb8658a1979d27d3e5cdbff0666a1633ef9b7d5e2be49cb90c649fb66ba4/librt-0.7.2-cp313-cp313-win32.whl", hash = "sha256:c4fefe752dcf30564b031e85e6cbc70d82685e52fbbfffc6fab275a47b5c3de7", size = 47939 },
    { url = "https://files.pythonhosted.org/packages/db/00/a96c6811e259efc7d2347f572b27d7ddb2976c8db9408a545291c8c8b25c/librt-0.7.2-cp313-cp313-win_amd64.whl", hash = "sha256:65cd928b7e0c1142235e54e4b615a0a7f4ad046d1d4cbdd454c311bafca97aed", size = 54968 },
    { url = "https://files.pythonhosted.org/packages/cd/9f/bf7eaa2cbf27d88f7e6cca6c7651192315cc834ba6c20b8afa1228aad3c6/librt-0.7.2-cp313-cp313-win_arm64.whl", hash = "sha256:10d6d5d52026e44ddd0f638e822a5d451df0d5b6701cb5112362a3a9f4b00229", size = 48355 },
    { url = "https://files.pythonhosted.org/packages/c6/42/97a7d52d3c1ba9503cd9c973105f65c506b2b491743fb0e613d1683feac8/librt-0.7.2-cp314-cp314-macosx_10_13_x86_64.whl", hash = "sha256:0baabd8daa4339f6cbffada3c66795722c37880ce768de83c7cba379d469ee3b", size = 55177 },
    { url = "https://files.pythonhosted.org/packages/83/1e/44ac0089b506f7b5880c5b090f1315099b77e6854feb9002cf0e8089b318/librt-0.7.2-cp314-cp314-macosx_11_0_arm64.whl", hash = "sha256:462d9672a4ade935d78c70713847bcba643bf4d94c013fdf29ea5f153bb15922", size = 56883 },
    { url = "https://files.pythonhosted.org/packages/b7/1a/a0b8ae021524090322b07713f1fbf491c78945d878ee3aa17c81efddd8ee/librt-0.7.2-cp314-cp314-manylinux1_i686.manylinux_2_28_i686.manylinux_2_5_i686.whl", hash = "sha256:838b16343fc4ed6869edb3ed9dc89c4bc9b113b1c6028592bede4a93ad360aa4", size = 163711 },
    { url = "https://files.pythonhosted.org/packages/9f/61/c80a89ad8be77adb592983f3fdcec273ba90384f896cbaf851ff6a61bf41/librt-0.7.2-cp314-cp314-manylinux2014_aarch64.manylinux_2_17_aarch64.manylinux_2_28_aarch64.whl", hash = "sha256:7b6ee74bfa7055c07e0acb56226efd49687488486db8fcfdea5da4cf25323a91", size = 172472 },
    { url = "https://files.pythonhosted.org/packages/68/20/315e95f1c19004e2b63e913aae967b1040e900be74f4ea65f4ccaa87ec19/librt-0.7.2-cp314-cp314-manylinux2014_x86_64.manylinux_2_17_x86_64.manylinux_2_28_x86_64.whl", hash = "sha256:a5e3502a543b9b3f906f6d4e88582b7ba13320897e19c60d7c098fa9fda1611f", size = 186805 },
    { url = "https://files.pythonhosted.org/packages/93/79/97407f07fbd1cb323870e80b016733737f3042a853298455aa5d2d9c0b5a/librt-0.7.2-cp314-cp314-musllinux_1_2_aarch64.whl", hash = "sha256:cb0f330d6af5bcfba339690694bf7c4aedabfa3dd40b17212a2b94a417962ccf", size = 181819 },
    { url = "https://files.pythonhosted.org/packages/c8/33/45c99e956279f0fe318cf41fc68568958709a4de67668fc51b59529862ea/librt-0.7.2-cp314-cp314-musllinux_1_2_i686.whl", hash = "sha256:610a25e8239836fe8eff92628602db13dca5d867e868503239c37f3809b3ce9a", size = 175602 },
    { url = "https://files.pythonhosted.org/packages/26/85/31503175c285dc17748b33ec2870073e4d147248dc6fbaeab0f8775d59fe/librt-0.7.2-cp314-cp314-musllinux_1_2_x86_64.whl", hash = "sha256:98854ffd0dd6fd64b8a4be4973593746038152e6c239251de908b5a176d8f64a", size = 196497 },
    { url = "https://files.pythonhosted.org/packages/bf/35/fba5be06dee862ee6fa532ded2adf05f9249d6cc243489d8ea8c6edfe52b/librt-0.7.2-cp314-cp314-win32.whl", hash = "sha256:879f789b22e9534df279a6cd3af12d26f8fd96785c47db0d2508304cfc6fd7d9", size = 44681 },
    { url = "https://files.pythonhosted.org/packages/6d/df/3706f58e2cf8b6827648b70eaeb00bff37602f2fc5f6678686bff1b78881/librt-0.7.2-cp314-cp314-win_amd64.whl", hash = "sha256:cba3ee432767960ce1e908c67c1fa136831c25ac3705e1e188e63ddaf1b46a06", size = 51693 },
    { url = "https://files.pythonhosted.org/packages/49/39/516a859d00c4c33ef37c8f1b0e709685587028d904038ca7d7c317fc0802/librt-0.7.2-cp314-cp314-win_arm64.whl", hash = "sha256:d775e5de996105c9a85136c18bce94204f57021af77a913644e8f9b17733a917", size = 44665 },
    { url = "https://files.pythonhosted.org/packages/a6/8b/624c71d15c5507b070d8cb76d1dade630b144276bb05654b47fb24d7d616/librt-0.7.2-cp314-cp314t-macosx_10_13_x86_64.whl", hash = "sha256:7fecc4dcc74e0c97ca36435048e3392ee6aa2ae3e77c285394192f9ad1e1a283", size = 57353 },
    { url = "https://files.pythonhosted.org/packages/ac/3a/fe16e8116949325fd584f388f69ec42aaf0711869137601c90f1fd6804dc/librt-0.7.2-cp314-cp314t-macosx_11_0_arm64.whl", hash = "sha256:d643941996b678699fed64271d02439fe23d31d8dee45f0e0b02c81ee77a4d79", size = 59217 },
    { url = "https://files.pythonhosted.org/packages/36/fd/74b8db240a27493247cb1b7185fc098f98984fba128513f56a395195c64a/librt-0.7.2-cp314-cp314t-manylinux1_i686.manylinux_2_28_i686.manylinux_2_5_i686.whl", hash = "sha256:dcefbd09a5db038693d22adc1962111d4c2df0b838fde2f3a61fceec9953b9c5", size = 183860 },
    { url = "https://files.pythonhosted.org/packages/e7/05/67485dee0b3c134df80426d6dceac1b4259fc1a428e1e0e9211f1a6798b9/librt-0.7.2-cp314-cp314t-manylinux2014_aarch64.manylinux_2_17_aarch64.manylinux_2_28_aarch64.whl", hash = "sha256:11445c0460d4522c5959f7770015cdcd7dd025ac2c095c50b78e27878f9cab15", size = 194592 },
    { url = "https://files.pythonhosted.org/packages/a2/27/eb4a6e3f88fefae026bda0e80f1a270c942c8f5ff471ebedc964e0899d41/librt-0.7.2-cp314-cp314t-manylinux2014_x86_64.manylinux_2_17_x86_64.manylinux_2_28_x86_64.whl", hash = "sha256:c10ae62472a03dc8db52d5dca4a9af5d0935899cf8c550565a39645bf7735d87", size = 206760 },
    { url = "https://files.pythonhosted.org/packages/ac/dc/00ae1109b76aca86d094518c9f660a53e539f7b62e643b7789cb30d5f8a4/librt-0.7.2-cp314-cp314t-musllinux_1_2_aarch64.whl", hash = "sha256:a38575adf344ca7423bfb10c3a7b5df066dfbe9b95e8b35f1f79eb84e4b38cad", size = 203209 },
    { url = "https://files.pythonhosted.org/packages/41/83/56161adc5890e687e11d410584479f66a32df55ec2c87a0bdc5601098a12/librt-0.7.2-cp314-cp314t-musllinux_1_2_i686.whl", hash = "sha256:2dcae85482674912bdd9dc98c6a236a9698c2c13ee53366a996851e3460da26a", size = 196706 },
    { url = "https://files.pythonhosted.org/packages/8a/a2/37ccef8860664bebea2ea98dd0a7b1a43a678dbd5d8133f55e34fc694271/librt-0.7.2-cp314-cp314t-musllinux_1_2_x86_64.whl", hash = "sha256:f02f9a7a8b720ae3c46b4df736a71d2ef07b59f3149180ad1e1eba7fccabaadf", size = 217211 },
    { url = "https://files.pythonhosted.org/packages/0f/ad/7ddc52496decd84993cb7ce7b26d02b3ce854336090f179dc90db24f0de0/librt-0.7.2-cp314-cp314t-win32.whl", hash = "sha256:062de7065ec0d060f0541602a16bed566c4b948aa1d8466c483bb949e27e0ef7", size = 45589 },
    { url = "https://files.pythonhosted.org/packages/30/b4/2b5b583a089e6ed9dc5f37df3429fd408b01b982dd4bcb81dad011833bd8/librt-0.7.2-cp314-cp314t-win_amd64.whl", hash = "sha256:fb6a190f76a687b034362e610c4990306ad0d913e98a8e588dcec91486797869", size = 53003 },
    { url = "https://files.pythonhosted.org/packages/d9/aa/6fde1d845d01d891861f39a509a53a9390d0f4a311c032e1a2effe5b960b/librt-0.7.2-cp314-cp314t-win_arm64.whl", hash = "sha256:35e1c435ee1e24ba2b018172a3ed1caed5275168a016e560e695057acd532add", size = 45650 },
]

[[package]]
name = "mypy"
version = "1.19.0"
source = { registry = "https://pypi.org/simple" }
dependencies = [
    { name = "librt" },
    { name = "mypy-extensions" },
    { name = "pathspec" },
    { name = "typing-extensions" },
]
sdist = { url = "https://files.pythonhosted.org/packages/f9/b5/b58cdc25fadd424552804bf410855d52324183112aa004f0732c5f6324cf/mypy-1.19.0.tar.gz", hash = "sha256:f6b874ca77f733222641e5c46e4711648c4037ea13646fd0cdc814c2eaec2528", size = 3579025 }
wheels = [
    { url = "https://files.pythonhosted.org/packages/cb/0d/a1357e6bb49e37ce26fcf7e3cc55679ce9f4ebee0cd8b6ee3a0e301a9210/mypy-1.19.0-cp313-cp313-macosx_10_13_x86_64.whl", hash = "sha256:7686ed65dbabd24d20066f3115018d2dce030d8fa9db01aa9f0a59b6813e9f9e", size = 13191993 },
    { url = "https://files.pythonhosted.org/packages/5d/75/8e5d492a879ec4490e6ba664b5154e48c46c85b5ac9785792a5ec6a4d58f/mypy-1.19.0-cp313-cp313-macosx_11_0_arm64.whl", hash = "sha256:fd4a985b2e32f23bead72e2fb4bbe5d6aceee176be471243bd831d5b2644672d", size = 12174411 },
    { url = "https://files.pythonhosted.org/packages/71/31/ad5dcee9bfe226e8eaba777e9d9d251c292650130f0450a280aec3485370/mypy-1.19.0-cp313-cp313-manylinux2014_aarch64.manylinux_2_17_aarch64.manylinux_2_28_aarch64.whl", hash = "sha256:fc51a5b864f73a3a182584b1ac75c404396a17eced54341629d8bdcb644a5bba", size = 12727751 },
    { url = "https://files.pythonhosted.org/packages/77/06/b6b8994ce07405f6039701f4b66e9d23f499d0b41c6dd46ec28f96d57ec3/mypy-1.19.0-cp313-cp313-manylinux2014_x86_64.manylinux_2_17_x86_64.manylinux_2_28_x86_64.whl", hash = "sha256:37af5166f9475872034b56c5efdcf65ee25394e9e1d172907b84577120714364", size = 13593323 },
    { url = "https://files.pythonhosted.org/packages/68/b1/126e274484cccdf099a8e328d4fda1c7bdb98a5e888fa6010b00e1bbf330/mypy-1.19.0-cp313-cp313-musllinux_1_2_x86_64.whl", hash = "sha256:510c014b722308c9bd377993bcbf9a07d7e0692e5fa8fc70e639c1eb19fc6bee", size = 13818032 },
    { url = "https://files.pythonhosted.org/packages/f8/56/53a8f70f562dfc466c766469133a8a4909f6c0012d83993143f2a9d48d2d/mypy-1.19.0-cp313-cp313-win_amd64.whl", hash = "sha256:cabbee74f29aa9cd3b444ec2f1e4fa5a9d0d746ce7567a6a609e224429781f53", size = 10120644 },
    { url = "https://files.pythonhosted.org/packages/b0/f4/7751f32f56916f7f8c229fe902cbdba3e4dd3f3ea9e8b872be97e7fc546d/mypy-1.19.0-cp314-cp314-macosx_10_15_x86_64.whl", hash = "sha256:f2e36bed3c6d9b5f35d28b63ca4b727cb0228e480826ffc8953d1892ddc8999d", size = 13185236 },
    { url = "https://files.pythonhosted.org/packages/35/31/871a9531f09e78e8d145032355890384f8a5b38c95a2c7732d226b93242e/mypy-1.19.0-cp314-cp314-macosx_11_0_arm64.whl", hash = "sha256:a18d8abdda14035c5718acb748faec09571432811af129bf0d9e7b2d6699bf18", size = 12213902 },
    { url = "https://files.pythonhosted.org/packages/58/b8/af221910dd40eeefa2077a59107e611550167b9994693fc5926a0b0f87c0/mypy-1.19.0-cp314-cp314-manylinux2014_aarch64.manylinux_2_17_aarch64.manylinux_2_28_aarch64.whl", hash = "sha256:f75e60aca3723a23511948539b0d7ed514dda194bc3755eae0bfc7a6b4887aa7", size = 12738600 },
    { url = "https://files.pythonhosted.org/packages/11/9f/c39e89a3e319c1d9c734dedec1183b2cc3aefbab066ec611619002abb932/mypy-1.19.0-cp314-cp314-manylinux2014_x86_64.manylinux_2_17_x86_64.manylinux_2_28_x86_64.whl", hash = "sha256:8f44f2ae3c58421ee05fe609160343c25f70e3967f6e32792b5a78006a9d850f", size = 13592639 },
    { url = "https://files.pythonhosted.org/packages/97/6d/ffaf5f01f5e284d9033de1267e6c1b8f3783f2cf784465378a86122e884b/mypy-1.19.0-cp314-cp314-musllinux_1_2_x86_64.whl", hash = "sha256:63ea6a00e4bd6822adbfc75b02ab3653a17c02c4347f5bb0cf1d5b9df3a05835", size = 13799132 },
    { url = "https://files.pythonhosted.org/packages/fe/b0/c33921e73aaa0106224e5a34822411bea38046188eb781637f5a5b07e269/mypy-1.19.0-cp314-cp314-win_amd64.whl", hash = "sha256:3ad925b14a0bb99821ff6f734553294aa6a3440a8cb082fe1f5b84dfb662afb1", size = 10269832 },
    { url = "https://files.pythonhosted.org/packages/09/0e/fe228ed5aeab470c6f4eb82481837fadb642a5aa95cc8215fd2214822c10/mypy-1.19.0-py3-none-any.whl", hash = "sha256:0c01c99d626380752e527d5ce8e69ffbba2046eb8a060db0329690849cf9b6f9", size = 2469714 },
]

[[package]]
name = "mypy-extensions"
version = "1.1.0"
source = { registry = "https://pypi.org/simple" }
sdist = { url = "https://files.pythonhosted.org/packages/a2/6e/371856a3fb9d31ca8dac321cda606860fa4548858c0cc45d9d1d4ca2628b/mypy_extensions-1.1.0.tar.gz", hash = "sha256:52e68efc3284861e772bbcd66823fde5ae21fd2fdb51c62a211403730b916558", size = 6343 }
wheels = [
    { url = "https://files.pythonhosted.org/packages/79/7b/2c79738432f5c924bef5071f933bcc9efd0473bac3b4aa584a6f7c1c8df8/mypy_extensions-1.1.0-py3-none-any.whl", hash = "sha256:1be4cccdb0f2482337c4743e60421de3a356cd97508abadd57d47403e94f5505", size = 4963 },
]

[[package]]
name = "naay"
version = "2025.12.6.post0"
source = { registry = "https://pypi.org/simple" }
sdist = { url = "https://files.pythonhosted.org/packages/88/18/a1c42340eb7c6213ea88d2a52e8eb5b7e245260be2d9617af165c9cecf68/naay-2025.12.6.post0.tar.gz", hash = "sha256:2176e51206062313a9762043e6adaa8f3d3bd432df99f46bc4edfe4bfe3d4456", size = 34421 }
wheels = [
    { url = "https://files.pythonhosted.org/packages/c5/b1/2aac47eece9045fcb54feca6d0c06746985078ab979888166200b2cbd173/naay-2025.12.6.post0-cp313-cp313-macosx_11_0_arm64.whl", hash = "sha256:8adc0f144c080b1fe98ebd2bc145d69d3c21dd16bc5e988fec6773aaa6ce9ac6", size = 260512 },
    { url = "https://files.pythonhosted.org/packages/7d/6d/de25740520f2505393bdf6501a050a274f68245fd8dadc5d66bdf33cdb17/naay-2025.12.6.post0-cp313-cp313-manylinux_2_34_x86_64.whl", hash = "sha256:5b2ca1371db5c37d1c18926118f5784a592d0923c265466b165a54543cec2eaf", size = 304486 },
    { url = "https://files.pythonhosted.org/packages/58/ee/659b9010bfff9327ee2b353a86c04623ffbc16ce92a2f6d978e9e6fb8994/naay-2025.12.6.post0-cp313-cp313-win_amd64.whl", hash = "sha256:2bb11b776b0451cbafc4e2754b86c566676c1e0d1941029c1920873b7dd9abe0", size = 160100 },
]

[[package]]
name = "packaging"
version = "25.0"
source = { registry = "https://pypi.org/simple" }
sdist = { url = "https://files.pythonhosted.org/packages/a1/d4/1fc4078c65507b51b96ca8f8c3ba19e6a61c8253c72794544580a7b6c24d/packaging-25.0.tar.gz", hash = "sha256:d443872c98d677bf60f6a1f2f8c1cb748e8fe762d2bf9d3148b5599295b0fc4f", size = 165727 }
wheels = [
    { url = "https://files.pythonhosted.org/packages/20/12/38679034af332785aac8774540895e234f4d07f7545804097de4b666afd8/packaging-25.0-py3-none-any.whl", hash = "sha256:29572ef2b1f17581046b3a2227d5c611fb25ec70ca1ba8554b24b0e69331a484", size = 66469 },
]

[[package]]
name = "pathspec"
version = "0.12.1"
source = { registry = "https://pypi.org/simple" }
sdist = { url = "https://files.pythonhosted.org/packages/ca/bc/f35b8446f4531a7cb215605d100cd88b7ac6f44ab3fc94870c120ab3adbf/pathspec-0.12.1.tar.gz", hash = "sha256:a482d51503a1ab33b1c67a6c3813a26953dbdc71c31dacaef9a838c4e29f5712", size = 51043 }
wheels = [
    { url = "https://files.pythonhosted.org/packages/cc/20/ff623b09d963f88bfde16306a54e12ee5ea43e9b597108672ff3a408aad6/pathspec-0.12.1-py3-none-any.whl", hash = "sha256:a0d503e138a4c123b27490a4f7beda6a01c6f288df0e4a8b79c7eb0dc7b4cc08", size = 31191 },
]

[[package]]
name = "pluggy"
version = "1.6.0"
source = { registry = "https://pypi.org/simple" }
sdist = { url = "https://files.pythonhosted.org/packages/f9/e2/3e91f31a7d2b083fe6ef3fa267035b518369d9511ffab804f839851d2779/pluggy-1.6.0.tar.gz", hash = "sha256:7dcc130b76258d33b90f61b658791dede3486c3e6bfb003ee5c9bfb396dd22f3", size = 69412 }
wheels = [
    { url = "https://files.pythonhosted.org/packages/54/20/4d324d65cc6d9205fabedc306948156824eb9f0ee1633355a8f7ec5c66bf/pluggy-1.6.0-py3-none-any.whl", hash = "sha256:e920276dd6813095e9377c0bc5566d94c932c33b27a3e3945d8389c374dd4746", size = 20538 },
]

[[package]]
name = "pygments"
version = "2.19.2"
source = { registry = "https://pypi.org/simple" }
sdist = { url = "https://files.pythonhosted.org/packages/b0/77/a5b8c569bf593b0140bde72ea885a803b82086995367bf2037de0159d924/pygments-2.19.2.tar.gz", hash = "sha256:636cb2477cec7f8952536970bc533bc43743542f70392ae026374600add5b887", size = 4968631 }
wheels = [
    { url = "https://files.pythonhosted.org/packages/c7/21/705964c7812476f378728bdf590ca4b771ec72385c533964653c68e86bdc/pygments-2.19.2-py3-none-any.whl", hash = "sha256:86540386c03d588bb81d44bc3928634ff26449851e99741617ecb9037ee5ec0b", size = 1225217 },
]

[[package]]
name = "pytest"
version = "9.0.1"
source = { registry = "https://pypi.org/simple" }
dependencies = [
    { name = "colorama", marker = "sys_platform == 'win32'" },
    { name = "iniconfig" },
    { name = "packaging" },
    { name = "pluggy" },
    { name = "pygments" },
]
sdist = { url = "https://files.pythonhosted.org/packages/07/56/f013048ac4bc4c1d9be45afd4ab209ea62822fb1598f40687e6bf45dcea4/pytest-9.0.1.tar.gz", hash = "sha256:3e9c069ea73583e255c3b21cf46b8d3c56f6e3a1a8f6da94ccb0fcf57b9d73c8", size = 1564125 }
wheels = [
    { url = "https://files.pythonhosted.org/packages/0b/8b/6300fb80f858cda1c51ffa17075df5d846757081d11ab4aa35cef9e6258b/pytest-9.0.1-py3-none-any.whl", hash = "sha256:67be0030d194df2dfa7b556f2e56fb3c3315bd5c8822c6951162b92b32ce7dad", size = 373668 },
]

[[package]]
name = "ruff"
version = "0.14.8"
source = { registry = "https://pypi.org/simple" }
sdist = { url = "https://files.pythonhosted.org/packages/ed/d9/f7a0c4b3a2bf2556cd5d99b05372c29980249ef71e8e32669ba77428c82c/ruff-0.14.8.tar.gz", hash = "sha256:774ed0dd87d6ce925e3b8496feb3a00ac564bea52b9feb551ecd17e0a23d1eed", size = 5765385 }
wheels = [
    { url = "https://files.pythonhosted.org/packages/48/b8/9537b52010134b1d2b72870cc3f92d5fb759394094741b09ceccae183fbe/ruff-0.14.8-py3-none-linux_armv6l.whl", hash = "sha256:ec071e9c82eca417f6111fd39f7043acb53cd3fde9b1f95bbed745962e345afb", size = 13441540 },
    { url = "https://files.pythonhosted.org/packages/24/00/99031684efb025829713682012b6dd37279b1f695ed1b01725f85fd94b38/ruff-0.14.8-py3-none-macosx_10_12_x86_64.whl", hash = "sha256:8cdb162a7159f4ca36ce980a18c43d8f036966e7f73f866ac8f493b75e0c27e9", size = 13669384 },
    { url = "https://files.pythonhosted.org/packages/72/64/3eb5949169fc19c50c04f28ece2c189d3b6edd57e5b533649dae6ca484fe/ruff-0.14.8-py3-none-macosx_11_0_arm64.whl", hash = "sha256:2e2fcbefe91f9fad0916850edf0854530c15bd1926b6b779de47e9ab619ea38f", size = 12806917 },
    { url = "https://files.pythonhosted.org/packages/c4/08/5250babb0b1b11910f470370ec0cbc67470231f7cdc033cee57d4976f941/ruff-0.14.8-py3-none-manylinux_2_17_aarch64.manylinux2014_aarch64.whl", hash = "sha256:a9d70721066a296f45786ec31916dc287b44040f553da21564de0ab4d45a869b", size = 13256112 },
    { url = "https://files.pythonhosted.org/packages/78/4c/6c588e97a8e8c2d4b522c31a579e1df2b4d003eddfbe23d1f262b1a431ff/ruff-0.14.8-py3-none-manylinux_2_17_armv7l.manylinux2014_armv7l.whl", hash = "sha256:2c87e09b3cd9d126fc67a9ecd3b5b1d3ded2b9c7fce3f16e315346b9d05cfb52", size = 13227559 },
    { url = "https://files.pythonhosted.org/packages/23/ce/5f78cea13eda8eceac71b5f6fa6e9223df9b87bb2c1891c166d1f0dce9f1/ruff-0.14.8-py3-none-manylinux_2_17_i686.manylinux2014_i686.whl", hash = "sha256:1d62cb310c4fbcb9ee4ac023fe17f984ae1e12b8a4a02e3d21489f9a2a5f730c", size = 13896379 },
    { url = "https://files.pythonhosted.org/packages/cf/79/13de4517c4dadce9218a20035b21212a4c180e009507731f0d3b3f5df85a/ruff-0.14.8-py3-none-manylinux_2_17_ppc64.manylinux2014_ppc64.whl", hash = "sha256:1af35c2d62633d4da0521178e8a2641c636d2a7153da0bac1b30cfd4ccd91344", size = 15372786 },
    { url = "https://files.pythonhosted.org/packages/00/06/33df72b3bb42be8a1c3815fd4fae83fa2945fc725a25d87ba3e42d1cc108/ruff-0.14.8-py3-none-manylinux_2_17_ppc64le.manylinux2014_ppc64le.whl", hash = "sha256:25add4575ffecc53d60eed3f24b1e934493631b48ebbc6ebaf9d8517924aca4b", size = 14990029 },
    { url = "https://files.pythonhosted.org/packages/64/61/0f34927bd90925880394de0e081ce1afab66d7b3525336f5771dcf0cb46c/ruff-0.14.8-py3-none-manylinux_2_17_s390x.manylinux2014_s390x.whl", hash = "sha256:4c943d847b7f02f7db4201a0600ea7d244d8a404fbb639b439e987edcf2baf9a", size = 14407037 },
    { url = "https://files.pythonhosted.org/packages/96/bc/058fe0aefc0fbf0d19614cb6d1a3e2c048f7dc77ca64957f33b12cfdc5ef/ruff-0.14.8-py3-none-manylinux_2_17_x86_64.manylinux2014_x86_64.whl", hash = "sha256:cb6e8bf7b4f627548daa1b69283dac5a296bfe9ce856703b03130732e20ddfe2", size = 14102390 },
    { url = "https://files.pythonhosted.org/packages/af/a4/e4f77b02b804546f4c17e8b37a524c27012dd6ff05855d2243b49a7d3cb9/ruff-0.14.8-py3-none-manylinux_2_31_riscv64.whl", hash = "sha256:7aaf2974f378e6b01d1e257c6948207aec6a9b5ba53fab23d0182efb887a0e4a", size = 14230793 },
    { url = "https://files.pythonhosted.org/packages/3f/52/bb8c02373f79552e8d087cedaffad76b8892033d2876c2498a2582f09dcf/ruff-0.14.8-py3-none-musllinux_1_2_aarch64.whl", hash = "sha256:e5758ca513c43ad8a4ef13f0f081f80f08008f410790f3611a21a92421ab045b", size = 13160039 },
    { url = "https://files.pythonhosted.org/packages/1f/ad/b69d6962e477842e25c0b11622548df746290cc6d76f9e0f4ed7456c2c31/ruff-0.14.8-py3-none-musllinux_1_2_armv7l.whl", hash = "sha256:f74f7ba163b6e85a8d81a590363bf71618847e5078d90827749bfda1d88c9cdf", size = 13205158 },
    { url = "https://files.pythonhosted.org/packages/06/63/54f23da1315c0b3dfc1bc03fbc34e10378918a20c0b0f086418734e57e74/ruff-0.14.8-py3-none-musllinux_1_2_i686.whl", hash = "sha256:eed28f6fafcc9591994c42254f5a5c5ca40e69a30721d2ab18bb0bb3baac3ab6", size = 13469550 },
    { url = "https://files.pythonhosted.org/packages/70/7d/a4d7b1961e4903bc37fffb7ddcfaa7beb250f67d97cfd1ee1d5cddb1ec90/ruff-0.14.8-py3-none-musllinux_1_2_x86_64.whl", hash = "sha256:21d48fa744c9d1cb8d71eb0a740c4dd02751a5de9db9a730a8ef75ca34cf138e", size = 14211332 },
    { url = "https://files.pythonhosted.org/packages/5d/93/2a5063341fa17054e5c86582136e9895db773e3c2ffb770dde50a09f35f0/ruff-0.14.8-py3-none-win32.whl", hash = "sha256:15f04cb45c051159baebb0f0037f404f1dc2f15a927418f29730f411a79bc4e7", size = 13151890 },
    { url = "https://files.pythonhosted.org/packages/02/1c/65c61a0859c0add13a3e1cbb6024b42de587456a43006ca2d4fd3d1618fe/ruff-0.14.8-py3-none-win_amd64.whl", hash = "sha256:9eeb0b24242b5bbff3011409a739929f497f3fb5fe3b5698aba5e77e8c833097", size = 14537826 },
    { url = "https://files.pythonhosted.org/packages/6d/63/8b41cea3afd7f58eb64ac9251668ee0073789a3bc9ac6f816c8c6fef986d/ruff-0.14.8-py3-none-win_arm64.whl", hash = "sha256:965a582c93c63fe715fd3e3f8aa37c4b776777203d8e1d8aa3cc0c14424a4b99", size = 13634522 },
]

[[package]]
name = "sqlalchemy"
version = "2.0.44"
source = { registry = "https://pypi.org/simple" }
dependencies = [
    { name = "greenlet", marker = "platform_machine == 'AMD64' or platform_machine == 'WIN32' or platform_machine == 'aarch64' or platform_machine == 'amd64' or platform_machine == 'ppc64le' or platform_machine == 'win32' or platform_machine == 'x86_64'" },
    { name = "typing-extensions" },
]
sdist = { url = "https://files.pythonhosted.org/packages/f0/f2/840d7b9496825333f532d2e3976b8eadbf52034178aac53630d09fe6e1ef/sqlalchemy-2.0.44.tar.gz", hash = "sha256:0ae7454e1ab1d780aee69fd2aae7d6b8670a581d8847f2d1e0f7ddfbf47e5a22", size = 9819830 }
wheels = [
    { url = "https://files.pythonhosted.org/packages/45/d3/c67077a2249fdb455246e6853166360054c331db4613cda3e31ab1cadbef/sqlalchemy-2.0.44-cp313-cp313-macosx_10_13_x86_64.whl", hash = "sha256:ff486e183d151e51b1d694c7aa1695747599bb00b9f5f604092b54b74c64a8e1", size = 2135479 },
    { url = "https://files.pythonhosted.org/packages/2b/91/eabd0688330d6fd114f5f12c4f89b0d02929f525e6bf7ff80aa17ca802af/sqlalchemy-2.0.44-cp313-cp313-macosx_11_0_arm64.whl", hash = "sha256:0b1af8392eb27b372ddb783b317dea0f650241cea5bd29199b22235299ca2e45", size = 2123212 },
    { url = "https://files.pythonhosted.org/packages/b0/bb/43e246cfe0e81c018076a16036d9b548c4cc649de241fa27d8d9ca6f85ab/sqlalchemy-2.0.44-cp313-cp313-manylinux_2_17_aarch64.manylinux2014_aarch64.whl", hash = "sha256:2b61188657e3a2b9ac4e8f04d6cf8e51046e28175f79464c67f2fd35bceb0976", size = 3255353 },
    { url = "https://files.pythonhosted.org/packages/b9/96/c6105ed9a880abe346b64d3b6ddef269ddfcab04f7f3d90a0bf3c5a88e82/sqlalchemy-2.0.44-cp313-cp313-manylinux_2_17_x86_64.manylinux2014_x86_64.whl", hash = "sha256:b87e7b91a5d5973dda5f00cd61ef72ad75a1db73a386b62877d4875a8840959c", size = 3260222 },
    { url = "https://files.pythonhosted.org/packages/44/16/1857e35a47155b5ad927272fee81ae49d398959cb749edca6eaa399b582f/sqlalchemy-2.0.44-cp313-cp313-musllinux_1_2_aarch64.whl", hash = "sha256:15f3326f7f0b2bfe406ee562e17f43f36e16167af99c4c0df61db668de20002d", size = 3189614 },
    { url = "https://files.pythonhosted.org/packages/88/ee/4afb39a8ee4fc786e2d716c20ab87b5b1fb33d4ac4129a1aaa574ae8a585/sqlalchemy-2.0.44-cp313-cp313-musllinux_1_2_x86_64.whl", hash = "sha256:1e77faf6ff919aa8cd63f1c4e561cac1d9a454a191bb864d5dd5e545935e5a40", size = 3226248 },
    { url = "https://files.pythonhosted.org/packages/32/d5/0e66097fc64fa266f29a7963296b40a80d6a997b7ac13806183700676f86/sqlalchemy-2.0.44-cp313-cp313-win32.whl", hash = "sha256:ee51625c2d51f8baadf2829fae817ad0b66b140573939dd69284d2ba3553ae73", size = 2101275 },
    { url = "https://files.pythonhosted.org/packages/03/51/665617fe4f8c6450f42a6d8d69243f9420f5677395572c2fe9d21b493b7b/sqlalchemy-2.0.44-cp313-cp313-win_amd64.whl", hash = "sha256:c1c80faaee1a6c3428cecf40d16a2365bcf56c424c92c2b6f0f9ad204b899e9e", size = 2127901 },
    { url = "https://files.pythonhosted.org/packages/9c/5e/6a29fa884d9fb7ddadf6b69490a9d45fded3b38541713010dad16b77d015/sqlalchemy-2.0.44-py3-none-any.whl", hash = "sha256:19de7ca1246fbef9f9d1bff8f1ab25641569df226364a0e40457dc5457c54b05", size = 1928718 },
]

[[package]]
name = "typing-extensions"
version = "4.15.0"
source = { registry = "https://pypi.org/simple" }
sdist = { url = "https://files.pythonhosted.org/packages/72/94/1a15dd82efb362ac84269196e94cf00f187f7ed21c242792a923cdb1c61f/typing_extensions-4.15.0.tar.gz", hash = "sha256:0cea48d173cc12fa28ecabc3b837ea3cf6f38c6d1136f85cbaaf598984861466", size = 109391 }
wheels = [
    { url = "https://files.pythonhosted.org/packages/18/67/36e9267722cc04a6b9f15c7f3441c2363321a3ea07da7ae0c0707beb2a9c/typing_extensions-4.15.0-py3-none-any.whl", hash = "sha256:f0fa19c6845758ab08074a0cfa8b7aecb71c999ca73d62883bc25cc018c4e548", size = 44614 },
]

[[package]]
name = "ysaqml"
version = "2025.12.6.post3"
source = { editable = "." }
dependencies = [
    { name = "naay" },
    { name = "sqlalchemy" },
]

[package.optional-dependencies]
beartype = [
    { name = "beartype" },
]
dev = [
    { name = "mypy" },
    { name = "pytest" },
    { name = "ruff" },
]

[package.metadata]
requires-dist = [
    { name = "beartype", marker = "extra == 'beartype'", specifier = ">=0.22.8" },
    { name = "mypy", marker = "extra == 'dev'", specifier = ">=1.19.0" },
    { name = "naay", specifier = ">=2025.12.6.post0" },
    { name = "pytest", marker = "extra == 'dev'", specifier = ">=9.0.1" },
    { name = "ruff", marker = "extra == 'dev'", specifier = ">=0.14.7" },
    { name = "sqlalchemy", specifier = ">=2.0" },
]
provides-extras = ["dev", "beartype"]
